
Microsoft Visual Studio Solution File, Format Version 12.00
# Visual Studio Version 17
VisualStudioVersion = 17.11.35312.102
MinimumVisualStudioVersion = 10.0.40219.1
Project("{FAE04EC0-301F-11D3-BF4B-00C04F79EFBC}") = "hava durumu takip sistemi", "hava durumu takip sistemi\hava durumu takip sistemi.csproj", "{F3769459-F242-4885-9EAE-FED8B34C0C9A}"
EndProject
Global
	GlobalSection(SolutionConfigurationPlatforms) = preSolution
		Debug|Any CPU = Debug|Any CPU
		Release|Any CPU = Release|Any CPU
	EndGlobalSection
	GlobalSection(ProjectConfigurationPlatforms) = postSolution
		{F3769459-F242-4885-9EAE-FED8B34C0C9A}.Debug|Any CPU.ActiveCfg = Debug|Any CPU
		{F3769459-F242-4885-9EAE-FED8B34C0C9A}.Debug|Any CPU.Build.0 = Debug|Any CPU
		{F3769459-F242-4885-9EAE-FED8B34C0C9A}.Release|Any CPU.ActiveCfg = Release|Any CPU
		{F3769459-F242-4885-9EAE-FED8B34C0C9A}.Release|Any CPU.Build.0 = Release|Any CPU
	EndGlobalSection
	GlobalSection(SolutionProperties) = preSolution
		HideSolutionNode = FALSE
	EndGlobalSection
	GlobalSection(ExtensibilityGlobals) = postSolution
		SolutionGuid = {08E94C81-8ACF-4F72-A027-C1C8D6F2E22A}
	EndGlobalSection
EndGlobal
